
Microsoft Visual Studio Solution File, Format Version 12.00
# Visual Studio Version 17
VisualStudioVersion = 17.13.35825.156 d17.13
MinimumVisualStudioVersion = 10.0.40219.1
Project("{FAE04EC0-301F-11D3-BF4B-00C04F79EFBC}") = "SubatOdev2", "SubatOdev2.csproj", "{25F21355-29D2-4D2D-B009-40C0352E1A18}"
EndProject
Global
	GlobalSection(SolutionConfigurationPlatforms) = preSolution
		Debug|Any CPU = Debug|Any CPU
		Release|Any CPU = Release|Any CPU
	EndGlobalSection
	GlobalSection(ProjectConfigurationPlatforms) = postSolution
		{25F21355-29D2-4D2D-B009-40C0352E1A18}.Debug|Any CPU.ActiveCfg = Debug|Any CPU
		{25F21355-29D2-4D2D-B009-40C0352E1A18}.Debug|Any CPU.Build.0 = Debug|Any CPU
		{25F21355-29D2-4D2D-B009-40C0352E1A18}.Release|Any CPU.ActiveCfg = Release|Any CPU
		{25F21355-29D2-4D2D-B009-40C0352E1A18}.Release|Any CPU.Build.0 = Release|Any CPU
	EndGlobalSection
	GlobalSection(SolutionProperties) = preSolution
		HideSolutionNode = FALSE
	EndGlobalSection
	GlobalSection(ExtensibilityGlobals) = postSolution
		SolutionGuid = {FAF39C82-C8A3-4F4D-98D0-5A95B0344BE3}
	EndGlobalSection
EndGlobal
